
Microsoft Visual Studio Solution File, Format Version 12.00
# Visual Studio Version 16
VisualStudioVersion = 16.0.31205.134
MinimumVisualStudioVersion = 10.0.40219.1
Project("{FAE04EC0-301F-11D3-BF4B-00C04F79EFBC}") = "VaribaleLesson", "VaribaleLesson\VaribaleLesson.csproj", "{B2A35E08-6737-432B-B1D7-677824B42C2A}"
EndProject
Global
	GlobalSection(SolutionConfigurationPlatforms) = preSolution
		Debug|Any CPU = Debug|Any CPU
		Release|Any CPU = Release|Any CPU
	EndGlobalSection
	GlobalSection(ProjectConfigurationPlatforms) = postSolution
		{B2A35E08-6737-432B-B1D7-677824B42C2A}.Debug|Any CPU.ActiveCfg = Debug|Any CPU
		{B2A35E08-6737-432B-B1D7-677824B42C2A}.Debug|Any CPU.Build.0 = Debug|Any CPU
		{B2A35E08-6737-432B-B1D7-677824B42C2A}.Release|Any CPU.ActiveCfg = Release|Any CPU
		{B2A35E08-6737-432B-B1D7-677824B42C2A}.Release|Any CPU.Build.0 = Release|Any CPU
	EndGlobalSection
	GlobalSection(SolutionProperties) = preSolution
		HideSolutionNode = FALSE
	EndGlobalSection
	GlobalSection(ExtensibilityGlobals) = postSolution
		SolutionGuid = {A352FD95-CC08-4C6E-B7A3-71E237771E74}
	EndGlobalSection
EndGlobal
